
Microsoft Visual Studio Solution File, Format Version 12.00
# Visual Studio Version 17
VisualStudioVersion = 17.5.33516.290
MinimumVisualStudioVersion = 10.0.40219.1
Project("{FAE04EC0-301F-11D3-BF4B-00C04F79EFBC}") = "ContinueWith", "ContinueWith\ContinueWith.csproj", "{FB6364BC-E589-4FEC-A2B2-C38006160026}"
EndProject
Project("{FAE04EC0-301F-11D3-BF4B-00C04F79EFBC}") = "Parent-child", "Parent-child\Parent-child.csproj", "{FB36BC97-0A82-4ECC-9C39-8D97F445C0AF}"
EndProject
Project("{FAE04EC0-301F-11D3-BF4B-00C04F79EFBC}") = "Long", "Long\Long.csproj", "{840C528F-8C1C-4BB5-AA43-F743291DC07E}"
EndProject
Project("{FAE04EC0-301F-11D3-BF4B-00C04F79EFBC}") = "Short", "Short\Short.csproj", "{F8047BC9-4494-4FFD-84A6-420A22463A9D}"
EndProject
Global
	GlobalSection(SolutionConfigurationPlatforms) = preSolution
		Debug|Any CPU = Debug|Any CPU
		Release|Any CPU = Release|Any CPU
	EndGlobalSection
	GlobalSection(ProjectConfigurationPlatforms) = postSolution
		{FB6364BC-E589-4FEC-A2B2-C38006160026}.Debug|Any CPU.ActiveCfg = Debug|Any CPU
		{FB6364BC-E589-4FEC-A2B2-C38006160026}.Debug|Any CPU.Build.0 = Debug|Any CPU
		{FB6364BC-E589-4FEC-A2B2-C38006160026}.Release|Any CPU.ActiveCfg = Release|Any CPU
		{FB6364BC-E589-4FEC-A2B2-C38006160026}.Release|Any CPU.Build.0 = Release|Any CPU
		{FB36BC97-0A82-4ECC-9C39-8D97F445C0AF}.Debug|Any CPU.ActiveCfg = Debug|Any CPU
		{FB36BC97-0A82-4ECC-9C39-8D97F445C0AF}.Debug|Any CPU.Build.0 = Debug|Any CPU
		{FB36BC97-0A82-4ECC-9C39-8D97F445C0AF}.Release|Any CPU.ActiveCfg = Release|Any CPU
		{FB36BC97-0A82-4ECC-9C39-8D97F445C0AF}.Release|Any CPU.Build.0 = Release|Any CPU
		{840C528F-8C1C-4BB5-AA43-F743291DC07E}.Debug|Any CPU.ActiveCfg = Debug|Any CPU
		{840C528F-8C1C-4BB5-AA43-F743291DC07E}.Debug|Any CPU.Build.0 = Debug|Any CPU
		{840C528F-8C1C-4BB5-AA43-F743291DC07E}.Release|Any CPU.ActiveCfg = Release|Any CPU
		{840C528F-8C1C-4BB5-AA43-F743291DC07E}.Release|Any CPU.Build.0 = Release|Any CPU
		{F8047BC9-4494-4FFD-84A6-420A22463A9D}.Debug|Any CPU.ActiveCfg = Debug|Any CPU
		{F8047BC9-4494-4FFD-84A6-420A22463A9D}.Debug|Any CPU.Build.0 = Debug|Any CPU
		{F8047BC9-4494-4FFD-84A6-420A22463A9D}.Release|Any CPU.ActiveCfg = Release|Any CPU
		{F8047BC9-4494-4FFD-84A6-420A22463A9D}.Release|Any CPU.Build.0 = Release|Any CPU
	EndGlobalSection
	GlobalSection(SolutionProperties) = preSolution
		HideSolutionNode = FALSE
	EndGlobalSection
	GlobalSection(ExtensibilityGlobals) = postSolution
		SolutionGuid = {E154A76C-7103-42AC-AF14-7A83E926B4C1}
	EndGlobalSection
EndGlobal
