
Microsoft Visual Studio Solution File, Format Version 12.00
# Visual Studio Version 17
VisualStudioVersion = 17.4.33213.308
MinimumVisualStudioVersion = 10.0.40219.1
Project("{FAE04EC0-301F-11D3-BF4B-00C04F79EFBC}") = "SingltonLib", "SingltonLib\SingltonLib.csproj", "{7EAF58B6-B30E-475D-BFCE-8942EE778474}"
EndProject
Project("{FAE04EC0-301F-11D3-BF4B-00C04F79EFBC}") = "Producer", "Producer\Producer.csproj", "{9F8ED8D0-BB33-4CF2-8758-993D8CEDD7E1}"
EndProject
Project("{FAE04EC0-301F-11D3-BF4B-00C04F79EFBC}") = "Listener", "Listener\Listener.csproj", "{3D63AA96-AB2E-4694-85A9-05A3F9677E9A}"
EndProject
Global
	GlobalSection(SolutionConfigurationPlatforms) = preSolution
		Debug|Any CPU = Debug|Any CPU
		Release|Any CPU = Release|Any CPU
	EndGlobalSection
	GlobalSection(ProjectConfigurationPlatforms) = postSolution
		{7EAF58B6-B30E-475D-BFCE-8942EE778474}.Debug|Any CPU.ActiveCfg = Debug|Any CPU
		{7EAF58B6-B30E-475D-BFCE-8942EE778474}.Debug|Any CPU.Build.0 = Debug|Any CPU
		{7EAF58B6-B30E-475D-BFCE-8942EE778474}.Release|Any CPU.ActiveCfg = Release|Any CPU
		{7EAF58B6-B30E-475D-BFCE-8942EE778474}.Release|Any CPU.Build.0 = Release|Any CPU
		{9F8ED8D0-BB33-4CF2-8758-993D8CEDD7E1}.Debug|Any CPU.ActiveCfg = Debug|Any CPU
		{9F8ED8D0-BB33-4CF2-8758-993D8CEDD7E1}.Debug|Any CPU.Build.0 = Debug|Any CPU
		{9F8ED8D0-BB33-4CF2-8758-993D8CEDD7E1}.Release|Any CPU.ActiveCfg = Release|Any CPU
		{9F8ED8D0-BB33-4CF2-8758-993D8CEDD7E1}.Release|Any CPU.Build.0 = Release|Any CPU
		{3D63AA96-AB2E-4694-85A9-05A3F9677E9A}.Debug|Any CPU.ActiveCfg = Debug|Any CPU
		{3D63AA96-AB2E-4694-85A9-05A3F9677E9A}.Debug|Any CPU.Build.0 = Debug|Any CPU
		{3D63AA96-AB2E-4694-85A9-05A3F9677E9A}.Release|Any CPU.ActiveCfg = Release|Any CPU
		{3D63AA96-AB2E-4694-85A9-05A3F9677E9A}.Release|Any CPU.Build.0 = Release|Any CPU
	EndGlobalSection
	GlobalSection(SolutionProperties) = preSolution
		HideSolutionNode = FALSE
	EndGlobalSection
	GlobalSection(ExtensibilityGlobals) = postSolution
		SolutionGuid = {975005CD-9755-429E-9A56-CA7FC7547A9F}
	EndGlobalSection
EndGlobal
